
Microsoft Visual Studio Solution File, Format Version 12.00
# Visual Studio Version 16
VisualStudioVersion = 16.0.29806.167
MinimumVisualStudioVersion = 10.0.40219.1
Project("{FAE04EC0-301F-11D3-BF4B-00C04F79EFBC}") = "2DTileSimpleGame", "2DTileSimpleGame\2DTileSimpleGame.csproj", "{E5F5DF0D-C0BC-45D1-9583-A4ED1DBF0419}"
EndProject
Global
	GlobalSection(SolutionConfigurationPlatforms) = preSolution
		Debug|Any CPU = Debug|Any CPU
		Release|Any CPU = Release|Any CPU
	EndGlobalSection
	GlobalSection(ProjectConfigurationPlatforms) = postSolution
		{E5F5DF0D-C0BC-45D1-9583-A4ED1DBF0419}.Debug|Any CPU.ActiveCfg = Debug|Any CPU
		{E5F5DF0D-C0BC-45D1-9583-A4ED1DBF0419}.Debug|Any CPU.Build.0 = Debug|Any CPU
		{E5F5DF0D-C0BC-45D1-9583-A4ED1DBF0419}.Release|Any CPU.ActiveCfg = Release|Any CPU
		{E5F5DF0D-C0BC-45D1-9583-A4ED1DBF0419}.Release|Any CPU.Build.0 = Release|Any CPU
	EndGlobalSection
	GlobalSection(SolutionProperties) = preSolution
		HideSolutionNode = FALSE
	EndGlobalSection
	GlobalSection(ExtensibilityGlobals) = postSolution
		SolutionGuid = {58004736-8E86-4FFC-87D8-73D6020B9E35}
	EndGlobalSection
EndGlobal
